
Microsoft Visual Studio Solution File, Format Version 12.00
# Visual Studio Version 17
VisualStudioVersion = 17.3.32819.101
MinimumVisualStudioVersion = 10.0.40219.1
Project("{FAE04EC0-301F-11D3-BF4B-00C04F79EFBC}") = "SusAllPossibility", "SusAllPossibility.csproj", "{FEA7FCD9-5171-402B-9523-2DC10160DB97}"
EndProject
Global
	GlobalSection(SolutionConfigurationPlatforms) = preSolution
		Debug|Any CPU = Debug|Any CPU
		Debug|ARM32 = Debug|ARM32
		Debug|ARM64 = Debug|ARM64
		Debug|x64 = Debug|x64
		Debug|x86 = Debug|x86
		Release|Any CPU = Release|Any CPU
		Release|ARM32 = Release|ARM32
		Release|ARM64 = Release|ARM64
		Release|x64 = Release|x64
		Release|x86 = Release|x86
	EndGlobalSection
	GlobalSection(ProjectConfigurationPlatforms) = postSolution
		{FEA7FCD9-5171-402B-9523-2DC10160DB97}.Debug|Any CPU.ActiveCfg = Debug|Any CPU
		{FEA7FCD9-5171-402B-9523-2DC10160DB97}.Debug|Any CPU.Build.0 = Debug|Any CPU
		{FEA7FCD9-5171-402B-9523-2DC10160DB97}.Debug|ARM32.ActiveCfg = Debug|ARM32
		{FEA7FCD9-5171-402B-9523-2DC10160DB97}.Debug|ARM32.Build.0 = Debug|ARM32
		{FEA7FCD9-5171-402B-9523-2DC10160DB97}.Debug|ARM64.ActiveCfg = Debug|ARM64
		{FEA7FCD9-5171-402B-9523-2DC10160DB97}.Debug|ARM64.Build.0 = Debug|ARM64
		{FEA7FCD9-5171-402B-9523-2DC10160DB97}.Debug|x64.ActiveCfg = Debug|x64
		{FEA7FCD9-5171-402B-9523-2DC10160DB97}.Debug|x64.Build.0 = Debug|x64
		{FEA7FCD9-5171-402B-9523-2DC10160DB97}.Debug|x86.ActiveCfg = Debug|x86
		{FEA7FCD9-5171-402B-9523-2DC10160DB97}.Debug|x86.Build.0 = Debug|x86
		{FEA7FCD9-5171-402B-9523-2DC10160DB97}.Release|Any CPU.ActiveCfg = Release|Any CPU
		{FEA7FCD9-5171-402B-9523-2DC10160DB97}.Release|Any CPU.Build.0 = Release|Any CPU
		{FEA7FCD9-5171-402B-9523-2DC10160DB97}.Release|ARM32.ActiveCfg = Release|ARM32
		{FEA7FCD9-5171-402B-9523-2DC10160DB97}.Release|ARM32.Build.0 = Release|ARM32
		{FEA7FCD9-5171-402B-9523-2DC10160DB97}.Release|ARM64.ActiveCfg = Release|ARM64
		{FEA7FCD9-5171-402B-9523-2DC10160DB97}.Release|ARM64.Build.0 = Release|ARM64
		{FEA7FCD9-5171-402B-9523-2DC10160DB97}.Release|x64.ActiveCfg = Release|x64
		{FEA7FCD9-5171-402B-9523-2DC10160DB97}.Release|x64.Build.0 = Release|x64
		{FEA7FCD9-5171-402B-9523-2DC10160DB97}.Release|x86.ActiveCfg = Release|x86
		{FEA7FCD9-5171-402B-9523-2DC10160DB97}.Release|x86.Build.0 = Release|x86
	EndGlobalSection
	GlobalSection(SolutionProperties) = preSolution
		HideSolutionNode = FALSE
	EndGlobalSection
	GlobalSection(ExtensibilityGlobals) = postSolution
		SolutionGuid = {04D8A73F-6C31-485B-8CB3-A897E92FC4E2}
	EndGlobalSection
EndGlobal
